
Microsoft Visual Studio Solution File, Format Version 12.00
# Visual Studio Version 16
VisualStudioVersion = 16.0.810.11
MinimumVisualStudioVersion = 10.0.40219.1
Project("{FAE04EC0-301F-11D3-BF4B-00C04F79EFBC}") = "RazorCurrencyConverter", "RazorCurrencyConverter\RazorCurrencyConverter.csproj", "{ADA924B0-81EF-47EF-9DED-4FA5A7FEDF81}"
EndProject
Global
	GlobalSection(SolutionConfigurationPlatforms) = preSolution
		Debug|Any CPU = Debug|Any CPU
		Release|Any CPU = Release|Any CPU
	EndGlobalSection
	GlobalSection(ProjectConfigurationPlatforms) = postSolution
		{ADA924B0-81EF-47EF-9DED-4FA5A7FEDF81}.Debug|Any CPU.ActiveCfg = Debug|Any CPU
		{ADA924B0-81EF-47EF-9DED-4FA5A7FEDF81}.Debug|Any CPU.Build.0 = Debug|Any CPU
		{ADA924B0-81EF-47EF-9DED-4FA5A7FEDF81}.Release|Any CPU.ActiveCfg = Release|Any CPU
		{ADA924B0-81EF-47EF-9DED-4FA5A7FEDF81}.Release|Any CPU.Build.0 = Release|Any CPU
	EndGlobalSection
	GlobalSection(SolutionProperties) = preSolution
		HideSolutionNode = FALSE
	EndGlobalSection
	GlobalSection(ExtensibilityGlobals) = postSolution
		SolutionGuid = {66F9C0E6-F469-437B-B9E5-74FE31876CCC}
	EndGlobalSection
EndGlobal
